// !$*UTF8*$!
{
	archiveVersion = 1;
	classes = {
	};
	objectVersion = 46;
	objects = {

/* Begin PBXBuildFile section */
		357EB2491E3DD49D000945F4 /* AppDelegate.swift in Sources */ = {isa = PBXBuildFile; fileRef = 357EB2481E3DD49D000945F4 /* AppDelegate.swift */; };
		357EB24B1E3DD49D000945F4 /* ViewController.swift in Sources */ = {isa = PBXBuildFile; fileRef = 357EB24A1E3DD49D000945F4 /* ViewController.swift */; };
		357EB24E1E3DD49D000945F4 /* Main.storyboard in Resources */ = {isa = PBXBuildFile; fileRef = 357EB24C1E3DD49D000945F4 /* Main.storyboard */; };
		357EB2501E3DD49D000945F4 /* Assets.xcassets in Resources */ = {isa = PBXBuildFile; fileRef = 357EB24F1E3DD49D000945F4 /* Assets.xcassets */; };
		357EB2531E3DD49D000945F4 /* LaunchScreen.storyboard in Resources */ = {isa = PBXBuildFile; fileRef = 357EB2511E3DD49D000945F4 /* LaunchScreen.storyboard */; };
		357EB25E1E3DD49D000945F4 /* ArithmeticTests.swift in Sources */ = {isa = PBXBuildFile; fileRef = 357EB25D1E3DD49D000945F4 /* ArithmeticTests.swift */; };
		357EB2691E3DD49E000945F4 /* ArithmeticUITests.swift in Sources */ = {isa = PBXBuildFile; fileRef = 357EB2681E3DD49E000945F4 /* ArithmeticUITests.swift */; };
		357EB2771E3E1031000945F4 /* ArithmeticCell.swift in Sources */ = {isa = PBXBuildFile; fileRef = 357EB2761E3E1031000945F4 /* ArithmeticCell.swift */; };
		357EB2791E3E1440000945F4 /* Arithmetic.swift in Sources */ = {isa = PBXBuildFile; fileRef = 357EB2781E3E1440000945F4 /* Arithmetic.swift */; };
		357EB27B1E3E1462000945F4 /* ArithmeticManager.swift in Sources */ = {isa = PBXBuildFile; fileRef = 357EB27A1E3E1462000945F4 /* ArithmeticManager.swift */; };
		357EB27D1E3E18FB000945F4 /* DifficultyCell.swift in Sources */ = {isa = PBXBuildFile; fileRef = 357EB27C1E3E18FB000945F4 /* DifficultyCell.swift */; };
		357EB27F1E3E1A5B000945F4 /* DifficultyViewController.swift in Sources */ = {isa = PBXBuildFile; fileRef = 357EB27E1E3E1A5B000945F4 /* DifficultyViewController.swift */; };
		357EB2811E3E1A6B000945F4 /* QuestionViewController.swift in Sources */ = {isa = PBXBuildFile; fileRef = 357EB2801E3E1A6B000945F4 /* QuestionViewController.swift */; };
/* End PBXBuildFile section */

/* Begin PBXContainerItemProxy section */
		357EB25A1E3DD49D000945F4 /* PBXContainerItemProxy */ = {
			isa = PBXContainerItemProxy;
			containerPortal = 357EB23D1E3DD49D000945F4 /* Project object */;
			proxyType = 1;
			remoteGlobalIDString = 357EB2441E3DD49D000945F4;
			remoteInfo = Arithmetic;
		};
		357EB2651E3DD49E000945F4 /* PBXContainerItemProxy */ = {
			isa = PBXContainerItemProxy;
			containerPortal = 357EB23D1E3DD49D000945F4 /* Project object */;
			proxyType = 1;
			remoteGlobalIDString = 357EB2441E3DD49D000945F4;
			remoteInfo = Arithmetic;
		};
/* End PBXContainerItemProxy section */

/* Begin PBXFileReference section */
		357EB2451E3DD49D000945F4 /* Arithmetic.app */ = {isa = PBXFileReference; explicitFileType = wrapper.application; includeInIndex = 0; path = Arithmetic.app; sourceTree = BUILT_PRODUCTS_DIR; };
		357EB2481E3DD49D000945F4 /* AppDelegate.swift */ = {isa = PBXFileReference; lastKnownFileType = sourcecode.swift; path = AppDelegate.swift; sourceTree = "<group>"; };
		357EB24A1E3DD49D000945F4 /* ViewController.swift */ = {isa = PBXFileReference; lastKnownFileType = sourcecode.swift; path = ViewController.swift; sourceTree = "<group>"; };
		357EB24D1E3DD49D000945F4 /* Base */ = {isa = PBXFileReference; lastKnownFileType = file.storyboard; name = Base; path = Base.lproj/Main.storyboard; sourceTree = "<group>"; };
		357EB24F1E3DD49D000945F4 /* Assets.xcassets */ = {isa = PBXFileReference; lastKnownFileType = folder.assetcatalog; path = Assets.xcassets; sourceTree = "<group>"; };
		357EB2521E3DD49D000945F4 /* Base */ = {isa = PBXFileReference; lastKnownFileType = file.storyboard; name = Base; path = Base.lproj/LaunchScreen.storyboard; sourceTree = "<group>"; };
		357EB2541E3DD49D000945F4 /* Info.plist */ = {isa = PBXFileReference; lastKnownFileType = text.plist.xml; path = Info.plist; sourceTree = "<group>"; };
		357EB2591E3DD49D000945F4 /* ArithmeticTests.xctest */ = {isa = PBXFileReference; explicitFileType = wrapper.cfbundle; includeInIndex = 0; path = ArithmeticTests.xctest; sourceTree = BUILT_PRODUCTS_DIR; };
		357EB25D1E3DD49D000945F4 /* ArithmeticTests.swift */ = {isa = PBXFileReference; lastKnownFileType = sourcecode.swift; path = ArithmeticTests.swift; sourceTree = "<group>"; };
		357EB25F1E3DD49D000945F4 /* Info.plist */ = {isa = PBXFileReference; lastKnownFileType = text.plist.xml; path = Info.plist; sourceTree = "<group>"; };
		357EB2641E3DD49E000945F4 /* ArithmeticUITests.xctest */ = {isa = PBXFileReference; explicitFileType = wrapper.cfbundle; includeInIndex = 0; path = ArithmeticUITests.xctest; sourceTree = BUILT_PRODUCTS_DIR; };
		357EB2681E3DD49E000945F4 /* ArithmeticUITests.swift */ = {isa = PBXFileReference; lastKnownFileType = sourcecode.swift; path = ArithmeticUITests.swift; sourceTree = "<group>"; };
		357EB26A1E3DD49E000945F4 /* Info.plist */ = {isa = PBXFileReference; lastKnownFileType = text.plist.xml; path = Info.plist; sourceTree = "<group>"; };
		357EB2761E3E1031000945F4 /* ArithmeticCell.swift */ = {isa = PBXFileReference; fileEncoding = 4; lastKnownFileType = sourcecode.swift; path = ArithmeticCell.swift; sourceTree = "<group>"; };
		357EB2781E3E1440000945F4 /* Arithmetic.swift */ = {isa = PBXFileReference; fileEncoding = 4; lastKnownFileType = sourcecode.swift; path = Arithmetic.swift; sourceTree = "<group>"; };
		357EB27A1E3E1462000945F4 /* ArithmeticManager.swift */ = {isa = PBXFileReference; fileEncoding = 4; lastKnownFileType = sourcecode.swift; path = ArithmeticManager.swift; sourceTree = "<group>"; };
		357EB27C1E3E18FB000945F4 /* DifficultyCell.swift */ = {isa = PBXFileReference; fileEncoding = 4; lastKnownFileType = sourcecode.swift; path = DifficultyCell.swift; sourceTree = "<group>"; };
		357EB27E1E3E1A5B000945F4 /* DifficultyViewController.swift */ = {isa = PBXFileReference; fileEncoding = 4; lastKnownFileType = sourcecode.swift; path = DifficultyViewController.swift; sourceTree = "<group>"; };
		357EB2801E3E1A6B000945F4 /* QuestionViewController.swift */ = {isa = PBXFileReference; fileEncoding = 4; lastKnownFileType = sourcecode.swift; path = QuestionViewController.swift; sourceTree = "<group>"; };
/* End PBXFileReference section */

/* Begin PBXFrameworksBuildPhase section */
		357EB2421E3DD49D000945F4 /* Frameworks */ = {
			isa = PBXFrameworksBuildPhase;
			buildActionMask = 2147483647;
			files = (
			);
			runOnlyForDeploymentPostprocessing = 0;
		};
		357EB2561E3DD49D000945F4 /* Frameworks */ = {
			isa = PBXFrameworksBuildPhase;
			buildActionMask = 2147483647;
			files = (
			);
			runOnlyForDeploymentPostprocessing = 0;
		};
		357EB2611E3DD49E000945F4 /* Frameworks */ = {
			isa = PBXFrameworksBuildPhase;
			buildActionMask = 2147483647;
			files = (
			);
			runOnlyForDeploymentPostprocessing = 0;
		};
/* End PBXFrameworksBuildPhase section */

/* Begin PBXGroup section */
		357EB23C1E3DD49D000945F4 = {
			isa = PBXGroup;
			children = (
				357EB2471E3DD49D000945F4 /* Arithmetic */,
				357EB25C1E3DD49D000945F4 /* ArithmeticTests */,
				357EB2671E3DD49E000945F4 /* ArithmeticUITests */,
				357EB2461E3DD49D000945F4 /* Products */,
			);
			sourceTree = "<group>";
		};
		357EB2461E3DD49D000945F4 /* Products */ = {
			isa = PBXGroup;
			children = (
				357EB2451E3DD49D000945F4 /* Arithmetic.app */,
				357EB2591E3DD49D000945F4 /* ArithmeticTests.xctest */,
				357EB2641E3DD49E000945F4 /* ArithmeticUITests.xctest */,
			);
			name = Products;
			sourceTree = "<group>";
		};
		357EB2471E3DD49D000945F4 /* Arithmetic */ = {
			isa = PBXGroup;
			children = (
				357EB2481E3DD49D000945F4 /* AppDelegate.swift */,
				357EB2781E3E1440000945F4 /* Arithmetic.swift */,
				357EB27A1E3E1462000945F4 /* ArithmeticManager.swift */,
				357EB2761E3E1031000945F4 /* ArithmeticCell.swift */,
				357EB24A1E3DD49D000945F4 /* ViewController.swift */,
				357EB27E1E3E1A5B000945F4 /* DifficultyViewController.swift */,
				357EB27C1E3E18FB000945F4 /* DifficultyCell.swift */,
				357EB2801E3E1A6B000945F4 /* QuestionViewController.swift */,
				357EB24C1E3DD49D000945F4 /* Main.storyboard */,
				357EB24F1E3DD49D000945F4 /* Assets.xcassets */,
				357EB2511E3DD49D000945F4 /* LaunchScreen.storyboard */,
				357EB2541E3DD49D000945F4 /* Info.plist */,
			);
			path = Arithmetic;
			sourceTree = "<group>";
		};
		357EB25C1E3DD49D000945F4 /* ArithmeticTests */ = {
			isa = PBXGroup;
			children = (
				357EB25D1E3DD49D000945F4 /* ArithmeticTests.swift */,
				357EB25F1E3DD49D000945F4 /* Info.plist */,
			);
			path = ArithmeticTests;
			sourceTree = "<group>";
		};
		357EB2671E3DD49E000945F4 /* ArithmeticUITests */ = {
			isa = PBXGroup;
			children = (
				357EB2681E3DD49E000945F4 /* ArithmeticUITests.swift */,
				357EB26A1E3DD49E000945F4 /* Info.plist */,
			);
			path = ArithmeticUITests;
			sourceTree = "<group>";
		};
/* End PBXGroup section */

/* Begin PBXNativeTarget section */
		357EB2441E3DD49D000945F4 /* Arithmetic */ = {
			isa = PBXNativeTarget;
			buildConfigurationList = 357EB26D1E3DD49E000945F4 /* Build configuration list for PBXNativeTarget "Arithmetic" */;
			buildPhases = (
				357EB2411E3DD49D000945F4 /* Sources */,
				357EB2421E3DD49D000945F4 /* Frameworks */,
				357EB2431E3DD49D000945F4 /* Resources */,
			);
			buildRules = (
			);
			dependencies = (
			);
			name = Arithmetic;
			productName = Arithmetic;
			productReference = 357EB2451E3DD49D000945F4 /* Arithmetic.app */;
			productType = "com.apple.product-type.application";
		};
		357EB2581E3DD49D000945F4 /* ArithmeticTests */ = {
			isa = PBXNativeTarget;
			buildConfigurationList = 357EB2701E3DD49E000945F4 /* Build configuration list for PBXNativeTarget "ArithmeticTests" */;
			buildPhases = (
				357EB2551E3DD49D000945F4 /* Sources */,
				357EB2561E3DD49D000945F4 /* Frameworks */,
				357EB2571E3DD49D000945F4 /* Resources */,
			);
			buildRules = (
			);
			dependencies = (
				357EB25B1E3DD49D000945F4 /* PBXTargetDependency */,
			);
			name = ArithmeticTests;
			productName = ArithmeticTests;
			productReference = 357EB2591E3DD49D000945F4 /* ArithmeticTests.xctest */;
			productType = "com.apple.product-type.bundle.unit-test";
		};
		357EB2631E3DD49E000945F4 /* ArithmeticUITests */ = {
			isa = PBXNativeTarget;
			buildConfigurationList = 357EB2731E3DD49E000945F4 /* Build configuration list for PBXNativeTarget "ArithmeticUITests" */;
			buildPhases = (
				357EB2601E3DD49E000945F4 /* Sources */,
				357EB2611E3DD49E000945F4 /* Frameworks */,
				357EB2621E3DD49E000945F4 /* Resources */,
			);
			buildRules = (
			);
			dependencies = (
				357EB2661E3DD49E000945F4 /* PBXTargetDependency */,
			);
			name = ArithmeticUITests;
			productName = ArithmeticUITests;
			productReference = 357EB2641E3DD49E000945F4 /* ArithmeticUITests.xctest */;
			productType = "com.apple.product-type.bundle.ui-testing";
		};
/* End PBXNativeTarget section */

/* Begin PBXProject section */
		357EB23D1E3DD49D000945F4 /* Project object */ = {
			isa = PBXProject;
			attributes = {
				LastSwiftUpdateCheck = 0820;
				LastUpgradeCheck = 0820;
				ORGANIZATIONNAME = Nicklas;
				TargetAttributes = {
					357EB2441E3DD49D000945F4 = {
						CreatedOnToolsVersion = 8.2.1;
						DevelopmentTeam = Q7NCB7P3K5;
						ProvisioningStyle = Automatic;
					};
					357EB2581E3DD49D000945F4 = {
						CreatedOnToolsVersion = 8.2.1;
						DevelopmentTeam = Q7NCB7P3K5;
						ProvisioningStyle = Automatic;
						TestTargetID = 357EB2441E3DD49D000945F4;
					};
					357EB2631E3DD49E000945F4 = {
						CreatedOnToolsVersion = 8.2.1;
						DevelopmentTeam = Q7NCB7P3K5;
						ProvisioningStyle = Automatic;
						TestTargetID = 357EB2441E3DD49D000945F4;
					};
				};
			};
			buildConfigurationList = 357EB2401E3DD49D000945F4 /* Build configuration list for PBXProject "Arithmetic" */;
			compatibilityVersion = "Xcode 3.2";
			developmentRegion = English;
			hasScannedForEncodings = 0;
			knownRegions = (
				en,
				Base,
			);
			mainGroup = 357EB23C1E3DD49D000945F4;
			productRefGroup = 357EB2461E3DD49D000945F4 /* Products */;
			projectDirPath = "";
			projectRoot = "";
			targets = (
				357EB2441E3DD49D000945F4 /* Arithmetic */,
				357EB2581E3DD49D000945F4 /* ArithmeticTests */,
				357EB2631E3DD49E000945F4 /* ArithmeticUITests */,
			);
		};
/* End PBXProject section */

/* Begin PBXResourcesBuildPhase section */
		357EB2431E3DD49D000945F4 /* Resources */ = {
			isa = PBXResourcesBuildPhase;
			buildActionMask = 2147483647;
			files = (
				357EB2531E3DD49D000945F4 /* LaunchScreen.storyboard in Resources */,
				357EB2501E3DD49D000945F4 /* Assets.xcassets in Resources */,
				357EB24E1E3DD49D000945F4 /* Main.storyboard in Resources */,
			);
			runOnlyForDeploymentPostprocessing = 0;
		};
		357EB2571E3DD49D000945F4 /* Resources */ = {
			isa = PBXResourcesBuildPhase;
			buildActionMask = 2147483647;
			files = (
			);
			runOnlyForDeploymentPostprocessing = 0;
		};
		357EB2621E3DD49E000945F4 /* Resources */ = {
			isa = PBXResourcesBuildPhase;
			buildActionMask = 2147483647;
			files = (
			);
			runOnlyForDeploymentPostprocessing = 0;
		};
/* End PBXResourcesBuildPhase section */

/* Begin PBXSourcesBuildPhase section */
		357EB2411E3DD49D000945F4 /* Sources */ = {
			isa = PBXSourcesBuildPhase;
			buildActionMask = 2147483647;
			files = (
				357EB27B1E3E1462000945F4 /* ArithmeticManager.swift in Sources */,
				357EB2791E3E1440000945F4 /* Arithmetic.swift in Sources */,
				357EB2771E3E1031000945F4 /* ArithmeticCell.swift in Sources */,
				357EB27F1E3E1A5B000945F4 /* DifficultyViewController.swift in Sources */,
				357EB24B1E3DD49D000945F4 /* ViewController.swift in Sources */,
				357EB27D1E3E18FB000945F4 /* DifficultyCell.swift in Sources */,
				357EB2811E3E1A6B000945F4 /* QuestionViewController.swift in Sources */,
				357EB2491E3DD49D000945F4 /* AppDelegate.swift in Sources */,
			);
			runOnlyForDeploymentPostprocessing = 0;
		};
		357EB2551E3DD49D000945F4 /* Sources */ = {
			isa = PBXSourcesBuildPhase;
			buildActionMask = 2147483647;
			files = (
				357EB25E1E3DD49D000945F4 /* ArithmeticTests.swift in Sources */,
			);
			runOnlyForDeploymentPostprocessing = 0;
		};
		357EB2601E3DD49E000945F4 /* Sources */ = {
			isa = PBXSourcesBuildPhase;
			buildActionMask = 2147483647;
			files = (
				357EB2691E3DD49E000945F4 /* ArithmeticUITests.swift in Sources */,
			);
			runOnlyForDeploymentPostprocessing = 0;
		};
/* End PBXSourcesBuildPhase section */

/* Begin PBXTargetDependency section */
		357EB25B1E3DD49D000945F4 /* PBXTargetDependency */ = {
			isa = PBXTargetDependency;
			target = 357EB2441E3DD49D000945F4 /* Arithmetic */;
			targetProxy = 357EB25A1E3DD49D000945F4 /* PBXContainerItemProxy */;
		};
		357EB2661E3DD49E000945F4 /* PBXTargetDependency */ = {
			isa = PBXTargetDependency;
			target = 357EB2441E3DD49D000945F4 /* Arithmetic */;
			targetProxy = 357EB2651E3DD49E000945F4 /* PBXContainerItemProxy */;
		};
/* End PBXTargetDependency section */

/* Begin PBXVariantGroup section */
		357EB24C1E3DD49D000945F4 /* Main.storyboard */ = {
			isa = PBXVariantGroup;
			children = (
				357EB24D1E3DD49D000945F4 /* Base */,
			);
			name = Main.storyboard;
			sourceTree = "<group>";
		};
		357EB2511E3DD49D000945F4 /* LaunchScreen.storyboard */ = {
			isa = PBXVariantGroup;
			children = (
				357EB2521E3DD49D000945F4 /* Base */,
			);
			name = LaunchScreen.storyboard;
			sourceTree = "<group>";
		};
/* End PBXVariantGroup section */

/* Begin XCBuildConfiguration section */
		357EB26B1E3DD49E000945F4 /* Debug */ = {
			isa = XCBuildConfiguration;
			buildSettings = {
				ALWAYS_SEARCH_USER_PATHS = NO;
				CLANG_ANALYZER_NONNULL = YES;
				CLANG_CXX_LANGUAGE_STANDARD = "gnu++0x";
				CLANG_CXX_LIBRARY = "libc++";
				CLANG_ENABLE_MODULES = YES;
				CLANG_ENABLE_OBJC_ARC = YES;
				CLANG_WARN_BOOL_CONVERSION = YES;
				CLANG_WARN_CONSTANT_CONVERSION = YES;
				CLANG_WARN_DIRECT_OBJC_ISA_USAGE = YES_ERROR;
				CLANG_WARN_DOCUMENTATION_COMMENTS = YES;
				CLANG_WARN_EMPTY_BODY = YES;
				CLANG_WARN_ENUM_CONVERSION = YES;
				CLANG_WARN_INFINITE_RECURSION = YES;
				CLANG_WARN_INT_CONVERSION = YES;
				CLANG_WARN_OBJC_ROOT_CLASS = YES_ERROR;
				CLANG_WARN_SUSPICIOUS_MOVE = YES;
				CLANG_WARN_UNREACHABLE_CODE = YES;
				CLANG_WARN__DUPLICATE_METHOD_MATCH = YES;
				"CODE_SIGN_IDENTITY[sdk=iphoneos*]" = "iPhone Developer";
				COPY_PHASE_STRIP = NO;
				DEBUG_INFORMATION_FORMAT = dwarf;
				ENABLE_STRICT_OBJC_MSGSEND = YES;
				ENABLE_TESTABILITY = YES;
				GCC_C_LANGUAGE_STANDARD = gnu99;
				GCC_DYNAMIC_NO_PIC = NO;
				GCC_NO_COMMON_BLOCKS = YES;
				GCC_OPTIMIZATION_LEVEL = 0;
				GCC_PREPROCESSOR_DEFINITIONS = (
					"DEBUG=1",
					"$(inherited)",
				);
				GCC_WARN_64_TO_32_BIT_CONVERSION = YES;
				GCC_WARN_ABOUT_RETURN_TYPE = YES_ERROR;
				GCC_WARN_UNDECLARED_SELECTOR = YES;
				GCC_WARN_UNINITIALIZED_AUTOS = YES_AGGRESSIVE;
				GCC_WARN_UNUSED_FUNCTION = YES;
				GCC_WARN_UNUSED_VARIABLE = YES;
				IPHONEOS_DEPLOYMENT_TARGET = 10.2;
				MTL_ENABLE_DEBUG_INFO = YES;
				ONLY_ACTIVE_ARCH = YES;
				SDKROOT = iphoneos;
				SWIFT_ACTIVE_COMPILATION_CONDITIONS = DEBUG;
				SWIFT_OPTIMIZATION_LEVEL = "-Onone";
				TARGETED_DEVICE_FAMILY = "1,2";
			};
			name = Debug;
		};
		357EB26C1E3DD49E000945F4 /* Release */ = {
			isa = XCBuildConfiguration;
			buildSettings = {
				ALWAYS_SEARCH_USER_PATHS = NO;
				CLANG_ANALYZER_NONNULL = YES;
				CLANG_CXX_LANGUAGE_STANDARD = "gnu++0x";
				CLANG_CXX_LIBRARY = "libc++";
				CLANG_ENABLE_MODULES = YES;
				CLANG_ENABLE_OBJC_ARC = YES;
				CLANG_WARN_BOOL_CONVERSION = YES;
				CLANG_WARN_CONSTANT_CONVERSION = YES;
				CLANG_WARN_DIRECT_OBJC_ISA_USAGE = YES_ERROR;
				CLANG_WARN_DOCUMENTATION_COMMENTS = YES;
				CLANG_WARN_EMPTY_BODY = YES;
				CLANG_WARN_ENUM_CONVERSION = YES;
				CLANG_WARN_INFINITE_RECURSION = YES;
				CLANG_WARN_INT_CONVERSION = YES;
				CLANG_WARN_OBJC_ROOT_CLASS = YES_ERROR;
				CLANG_WARN_SUSPICIOUS_MOVE = YES;
				CLANG_WARN_UNREACHABLE_CODE = YES;
				CLANG_WARN__DUPLICATE_METHOD_MATCH = YES;
				"CODE_SIGN_IDENTITY[sdk=iphoneos*]" = "iPhone Developer";
				COPY_PHASE_STRIP = NO;
				DEBUG_INFORMATION_FORMAT = "dwarf-with-dsym";
				ENABLE_NS_ASSERTIONS = NO;
				ENABLE_STRICT_OBJC_MSGSEND = YES;
				GCC_C_LANGUAGE_STANDARD = gnu99;
				GCC_NO_COMMON_BLOCKS = YES;
				GCC_WARN_64_TO_32_BIT_CONVERSION = YES;
				GCC_WARN_ABOUT_RETURN_TYPE = YES_ERROR;
				GCC_WARN_UNDECLARED_SELECTOR = YES;
				GCC_WARN_UNINITIALIZED_AUTOS = YES_AGGRESSIVE;
				GCC_WARN_UNUSED_FUNCTION = YES;
				GCC_WARN_UNUSED_VARIABLE = YES;
				IPHONEOS_DEPLOYMENT_TARGET = 10.2;
				MTL_ENABLE_DEBUG_INFO = NO;
				SDKROOT = iphoneos;
				SWIFT_OPTIMIZATION_LEVEL = "-Owholemodule";
				TARGETED_DEVICE_FAMILY = "1,2";
				VALIDATE_PRODUCT = YES;
			};
			name = Release;
		};
		357EB26E1E3DD49E000945F4 /* Debug */ = {
			isa = XCBuildConfiguration;
			buildSettings = {
				ASSETCATALOG_COMPILER_APPICON_NAME = AppIcon;
				DEVELOPMENT_TEAM = Q7NCB7P3K5;
				INFOPLIST_FILE = Arithmetic/Info.plist;
				LD_RUNPATH_SEARCH_PATHS = "$(inherited) @executable_path/Frameworks";
				PRODUCT_BUNDLE_IDENTIFIER = com.nicklaswesterholm.Arithmetic;
				PRODUCT_NAME = "$(TARGET_NAME)";
				SWIFT_VERSION = 3.0;
			};
			name = Debug;
		};
		357EB26F1E3DD49E000945F4 /* Release */ = {
			isa = XCBuildConfiguration;
			buildSettings = {
				ASSETCATALOG_COMPILER_APPICON_NAME = AppIcon;
				DEVELOPMENT_TEAM = Q7NCB7P3K5;
				INFOPLIST_FILE = Arithmetic/Info.plist;
				LD_RUNPATH_SEARCH_PATHS = "$(inherited) @executable_path/Frameworks";
				PRODUCT_BUNDLE_IDENTIFIER = com.nicklaswesterholm.Arithmetic;
				PRODUCT_NAME = "$(TARGET_NAME)";
				SWIFT_VERSION = 3.0;
			};
			name = Release;
		};
		357EB2711E3DD49E000945F4 /* Debug */ = {
			isa = XCBuildConfiguration;
			buildSettings = {
				ALWAYS_EMBED_SWIFT_STANDARD_LIBRARIES = YES;
				BUNDLE_LOADER = "$(TEST_HOST)";
				DEVELOPMENT_TEAM = Q7NCB7P3K5;
				INFOPLIST_FILE = ArithmeticTests/Info.plist;
				LD_RUNPATH_SEARCH_PATHS = "$(inherited) @executable_path/Frameworks @loader_path/Frameworks";
				PRODUCT_BUNDLE_IDENTIFIER = com.nicklaswesterholm.ArithmeticTests;
				PRODUCT_NAME = "$(TARGET_NAME)";
				SWIFT_VERSION = 3.0;
				TEST_HOST = "$(BUILT_PRODUCTS_DIR)/Arithmetic.app/Arithmetic";
			};
			name = Debug;
		};
		357EB2721E3DD49E000945F4 /* Release */ = {
			isa = XCBuildConfiguration;
			buildSettings = {
				ALWAYS_EMBED_SWIFT_STANDARD_LIBRARIES = YES;
				BUNDLE_LOADER = "$(TEST_HOST)";
				DEVELOPMENT_TEAM = Q7NCB7P3K5;
				INFOPLIST_FILE = ArithmeticTests/Info.plist;
				LD_RUNPATH_SEARCH_PATHS = "$(inherited) @executable_path/Frameworks @loader_path/Frameworks";
				PRODUCT_BUNDLE_IDENTIFIER = com.nicklaswesterholm.ArithmeticTests;
				PRODUCT_NAME = "$(TARGET_NAME)";
				SWIFT_VERSION = 3.0;
				TEST_HOST = "$(BUILT_PRODUCTS_DIR)/Arithmetic.app/Arithmetic";
			};
			name = Release;
		};
		357EB2741E3DD49E000945F4 /* Debug */ = {
			isa = XCBuildConfiguration;
			buildSettings = {
				ALWAYS_EMBED_SWIFT_STANDARD_LIBRARIES = YES;
				DEVELOPMENT_TEAM = Q7NCB7P3K5;
				INFOPLIST_FILE = ArithmeticUITests/Info.plist;
				LD_RUNPATH_SEARCH_PATHS = "$(inherited) @executable_path/Frameworks @loader_path/Frameworks";
				PRODUCT_BUNDLE_IDENTIFIER = com.nicklaswesterholm.ArithmeticUITests;
				PRODUCT_NAME = "$(TARGET_NAME)";
				SWIFT_VERSION = 3.0;
				TEST_TARGET_NAME = Arithmetic;
			};
			name = Debug;
		};
		357EB2751E3DD49E000945F4 /* Release */ = {
			isa = XCBuildConfiguration;
			buildSettings = {
				ALWAYS_EMBED_SWIFT_STANDARD_LIBRARIES = YES;
				DEVELOPMENT_TEAM = Q7NCB7P3K5;
				INFOPLIST_FILE = ArithmeticUITests/Info.plist;
				LD_RUNPATH_SEARCH_PATHS = "$(inherited) @executable_path/Frameworks @loader_path/Frameworks";
				PRODUCT_BUNDLE_IDENTIFIER = com.nicklaswesterholm.ArithmeticUITests;
				PRODUCT_NAME = "$(TARGET_NAME)";
				SWIFT_VERSION = 3.0;
				TEST_TARGET_NAME = Arithmetic;
			};
			name = Release;
		};
/* End XCBuildConfiguration section */

/* Begin XCConfigurationList section */
		357EB2401E3DD49D000945F4 /* Build configuration list for PBXProject "Arithmetic" */ = {
			isa = XCConfigurationList;
			buildConfigurations = (
				357EB26B1E3DD49E000945F4 /* Debug */,
				357EB26C1E3DD49E000945F4 /* Release */,
			);
			defaultConfigurationIsVisible = 0;
			defaultConfigurationName = Release;
		};
		357EB26D1E3DD49E000945F4 /* Build configuration list for PBXNativeTarget "Arithmetic" */ = {
			isa = XCConfigurationList;
			buildConfigurations = (
				357EB26E1E3DD49E000945F4 /* Debug */,
				357EB26F1E3DD49E000945F4 /* Release */,
			);
			defaultConfigurationIsVisible = 0;
		};
		357EB2701E3DD49E000945F4 /* Build configuration list for PBXNativeTarget "ArithmeticTests" */ = {
			isa = XCConfigurationList;
			buildConfigurations = (
				357EB2711E3DD49E000945F4 /* Debug */,
				357EB2721E3DD49E000945F4 /* Release */,
			);
			defaultConfigurationIsVisible = 0;
		};
		357EB2731E3DD49E000945F4 /* Build configuration list for PBXNativeTarget "ArithmeticUITests" */ = {
			isa = XCConfigurationList;
			buildConfigurations = (
				357EB2741E3DD49E000945F4 /* Debug */,
				357EB2751E3DD49E000945F4 /* Release */,
			);
			defaultConfigurationIsVisible = 0;
		};
/* End XCConfigurationList section */
	};
	rootObject = 357EB23D1E3DD49D000945F4 /* Project object */;
}
